# This file is generated by running "yarn install" inside your project.
# Manual changes might be lost - proceed with caution!

__metadata:
  version: 7
  cacheKey: 9

"@esbuild/aix-ppc64@npm:0.21.5":
  version: 0.21.5
  resolution: "@esbuild/aix-ppc64@npm:0.21.5"
  conditions: os=aix & cpu=ppc64
  languageName: node
  linkType: hard

"@esbuild/android-arm64@npm:0.21.5":
  version: 0.21.5
  resolution: "@esbuild/android-arm64@npm:0.21.5"
  conditions: os=android & cpu=arm64
  languageName: node
  linkType: hard

"@esbuild/android-arm@npm:0.21.5":
  version: 0.21.5
  resolution: "@esbuild/android-arm@npm:0.21.5"
  conditions: os=android & cpu=arm
  languageName: node
  linkType: hard

"@esbuild/android-x64@npm:0.21.5":
  version: 0.21.5
  resolution: "@esbuild/android-x64@npm:0.21.5"
  conditions: os=android & cpu=x64
  languageName: node
  linkType: hard

"@esbuild/darwin-arm64@npm:0.21.5":
  version: 0.21.5
  resolution: "@esbuild/darwin-arm64@npm:0.21.5"
  conditions: os=darwin & cpu=arm64
  languageName: node
  linkType: hard

"@esbuild/darwin-x64@npm:0.21.5":
  version: 0.21.5
  resolution: "@esbuild/darwin-x64@npm:0.21.5"
  conditions: os=darwin & cpu=x64
  languageName: node
  linkType: hard

"@esbuild/freebsd-arm64@npm:0.21.5":
  version: 0.21.5
  resolution: "@esbuild/freebsd-arm64@npm:0.21.5"
  conditions: os=freebsd & cpu=arm64
  languageName: node
  linkType: hard

"@esbuild/freebsd-x64@npm:0.21.5":
  version: 0.21.5
  resolution: "@esbuild/freebsd-x64@npm:0.21.5"
  conditions: os=freebsd & cpu=x64
  languageName: node
  linkType: hard

"@esbuild/linux-arm64@npm:0.21.5":
  version: 0.21.5
  resolution: "@esbuild/linux-arm64@npm:0.21.5"
  conditions: os=linux & cpu=arm64
  languageName: node
  linkType: hard

"@esbuild/linux-arm@npm:0.21.5":
  version: 0.21.5
  resolution: "@esbuild/linux-arm@npm:0.21.5"
  conditions: os=linux & cpu=arm
  languageName: node
  linkType: hard

"@esbuild/linux-ia32@npm:0.21.5":
  version: 0.21.5
  resolution: "@esbuild/linux-ia32@npm:0.21.5"
  conditions: os=linux & cpu=ia32
  languageName: node
  linkType: hard

"@esbuild/linux-loong64@npm:0.21.5":
  version: 0.21.5
  resolution: "@esbuild/linux-loong64@npm:0.21.5"
  conditions: os=linux & cpu=loong64
  languageName: node
  linkType: hard

"@esbuild/linux-mips64el@npm:0.21.5":
  version: 0.21.5
  resolution: "@esbuild/linux-mips64el@npm:0.21.5"
  conditions: os=linux & cpu=mips64el
  languageName: node
  linkType: hard

"@esbuild/linux-ppc64@npm:0.21.5":
  version: 0.21.5
  resolution: "@esbuild/linux-ppc64@npm:0.21.5"
  conditions: os=linux & cpu=ppc64
  languageName: node
  linkType: hard

"@esbuild/linux-riscv64@npm:0.21.5":
  version: 0.21.5
  resolution: "@esbuild/linux-riscv64@npm:0.21.5"
  conditions: os=linux & cpu=riscv64
  languageName: node
  linkType: hard

"@esbuild/linux-s390x@npm:0.21.5":
  version: 0.21.5
  resolution: "@esbuild/linux-s390x@npm:0.21.5"
  conditions: os=linux & cpu=s390x
  languageName: node
  linkType: hard

"@esbuild/linux-x64@npm:0.21.5":
  version: 0.21.5
  resolution: "@esbuild/linux-x64@npm:0.21.5"
  conditions: os=linux & cpu=x64
  languageName: node
  linkType: hard

"@esbuild/netbsd-x64@npm:0.21.5":
  version: 0.21.5
  resolution: "@esbuild/netbsd-x64@npm:0.21.5"
  conditions: os=netbsd & cpu=x64
  languageName: node
  linkType: hard

"@esbuild/openbsd-x64@npm:0.21.5":
  version: 0.21.5
  resolution: "@esbuild/openbsd-x64@npm:0.21.5"
  conditions: os=openbsd & cpu=x64
  languageName: node
  linkType: hard

"@esbuild/sunos-x64@npm:0.21.5":
  version: 0.21.5
  resolution: "@esbuild/sunos-x64@npm:0.21.5"
  conditions: os=sunos & cpu=x64
  languageName: node
  linkType: hard

"@esbuild/win32-arm64@npm:0.21.5":
  version: 0.21.5
  resolution: "@esbuild/win32-arm64@npm:0.21.5"
  conditions: os=win32 & cpu=arm64
  languageName: node
  linkType: hard

"@esbuild/win32-ia32@npm:0.21.5":
  version: 0.21.5
  resolution: "@esbuild/win32-ia32@npm:0.21.5"
  conditions: os=win32 & cpu=ia32
  languageName: node
  linkType: hard

"@esbuild/win32-x64@npm:0.21.5":
  version: 0.21.5
  resolution: "@esbuild/win32-x64@npm:0.21.5"
  conditions: os=win32 & cpu=x64
  languageName: node
  linkType: hard

"@isaacs/cliui@npm:^8.0.2":
  version: 8.0.2
  resolution: "@isaacs/cliui@npm:8.0.2"
  dependencies:
    string-width: "npm:^5.1.2"
    string-width-cjs: "npm:string-width@^4.2.0"
    strip-ansi: "npm:^7.0.1"
    strip-ansi-cjs: "npm:strip-ansi@^6.0.1"
    wrap-ansi: "npm:^8.1.0"
    wrap-ansi-cjs: "npm:wrap-ansi@^7.0.0"
  checksum: b9a4e369729f32ccce5b5764a574da6bbaee7e746c2d9cf35a3701c2907ba82f9bf456602ebd23df537b418fd611d54eb5c5a8ee7d8841dc5dc16c28ede0b258
  languageName: node
  linkType: hard

"@lottiefiles/dotlottie-web@npm:^0.30.2":
  version: 0.30.2
  resolution: "@lottiefiles/dotlottie-web@npm:0.30.2"
  checksum: acccd2c183774372304de08aedc7dd0aae34fd94c01b821a2cf7aac3793203c9d812ad7927033689a7b7c169f2dfe5930ad6bc0e34690e7a39c694b9ee45a9f1
  languageName: node
  linkType: hard

"@npmcli/agent@npm:^2.0.0":
  version: 2.2.2
  resolution: "@npmcli/agent@npm:2.2.2"
  dependencies:
    agent-base: "npm:^7.1.0"
    http-proxy-agent: "npm:^7.0.0"
    https-proxy-agent: "npm:^7.0.1"
    lru-cache: "npm:^10.0.1"
    socks-proxy-agent: "npm:^8.0.3"
  checksum: e3ee968fb058e7a054d9bff3f611a71e64f8ced69c7fa85d0ed9c5ec0d40bb9c5f0e4e773b5cd07e92a275e2c27fd2cd9b3d947699bd6871e7cf835934389cfb
  languageName: node
  linkType: hard

"@npmcli/fs@npm:^3.1.0":
  version: 3.1.1
  resolution: "@npmcli/fs@npm:3.1.1"
  dependencies:
    semver: "npm:^7.3.5"
  checksum: acb7706a33861291a4db0b02d31641e884b63aeedcae205d5a304796b8da6c8998925a08533b7883a2cb5166f8be18f5565727f0eddbd18d8ed62d9b957461ed
  languageName: node
  linkType: hard

"@pkgjs/parseargs@npm:^0.11.0":
  version: 0.11.0
  resolution: "@pkgjs/parseargs@npm:0.11.0"
  checksum: 9e828530eb8d3e5370972114de393d9f9cfd368f8a7b541fd0d4497c2f046245e907e05f4e07259bdf91ade8f7a0806f36a67099fbf20f62496dc00b843e2252
  languageName: node
  linkType: hard

"@rollup/rollup-android-arm-eabi@npm:4.20.0":
  version: 4.20.0
  resolution: "@rollup/rollup-android-arm-eabi@npm:4.20.0"
  conditions: os=android & cpu=arm
  languageName: node
  linkType: hard

"@rollup/rollup-android-arm64@npm:4.20.0":
  version: 4.20.0
  resolution: "@rollup/rollup-android-arm64@npm:4.20.0"
  conditions: os=android & cpu=arm64
  languageName: node
  linkType: hard

"@rollup/rollup-darwin-arm64@npm:4.20.0":
  version: 4.20.0
  resolution: "@rollup/rollup-darwin-arm64@npm:4.20.0"
  conditions: os=darwin & cpu=arm64
  languageName: node
  linkType: hard

"@rollup/rollup-darwin-x64@npm:4.20.0":
  version: 4.20.0
  resolution: "@rollup/rollup-darwin-x64@npm:4.20.0"
  conditions: os=darwin & cpu=x64
  languageName: node
  linkType: hard

"@rollup/rollup-linux-arm-gnueabihf@npm:4.20.0":
  version: 4.20.0
  resolution: "@rollup/rollup-linux-arm-gnueabihf@npm:4.20.0"
  conditions: os=linux & cpu=arm & libc=glibc
  languageName: node
  linkType: hard

"@rollup/rollup-linux-arm-musleabihf@npm:4.20.0":
  version: 4.20.0
  resolution: "@rollup/rollup-linux-arm-musleabihf@npm:4.20.0"
  conditions: os=linux & cpu=arm & libc=musl
  languageName: node
  linkType: hard

"@rollup/rollup-linux-arm64-gnu@npm:4.20.0":
  version: 4.20.0
  resolution: "@rollup/rollup-linux-arm64-gnu@npm:4.20.0"
  conditions: os=linux & cpu=arm64 & libc=glibc
  languageName: node
  linkType: hard

"@rollup/rollup-linux-arm64-musl@npm:4.20.0":
  version: 4.20.0
  resolution: "@rollup/rollup-linux-arm64-musl@npm:4.20.0"
  conditions: os=linux & cpu=arm64 & libc=musl
  languageName: node
  linkType: hard

"@rollup/rollup-linux-powerpc64le-gnu@npm:4.20.0":
  version: 4.20.0
  resolution: "@rollup/rollup-linux-powerpc64le-gnu@npm:4.20.0"
  conditions: os=linux & cpu=ppc64 & libc=glibc
  languageName: node
  linkType: hard

"@rollup/rollup-linux-riscv64-gnu@npm:4.20.0":
  version: 4.20.0
  resolution: "@rollup/rollup-linux-riscv64-gnu@npm:4.20.0"
  conditions: os=linux & cpu=riscv64 & libc=glibc
  languageName: node
  linkType: hard

"@rollup/rollup-linux-s390x-gnu@npm:4.20.0":
  version: 4.20.0
  resolution: "@rollup/rollup-linux-s390x-gnu@npm:4.20.0"
  conditions: os=linux & cpu=s390x & libc=glibc
  languageName: node
  linkType: hard

"@rollup/rollup-linux-x64-gnu@npm:4.20.0":
  version: 4.20.0
  resolution: "@rollup/rollup-linux-x64-gnu@npm:4.20.0"
  conditions: os=linux & cpu=x64 & libc=glibc
  languageName: node
  linkType: hard

"@rollup/rollup-linux-x64-musl@npm:4.20.0":
  version: 4.20.0
  resolution: "@rollup/rollup-linux-x64-musl@npm:4.20.0"
  conditions: os=linux & cpu=x64 & libc=musl
  languageName: node
  linkType: hard

"@rollup/rollup-win32-arm64-msvc@npm:4.20.0":
  version: 4.20.0
  resolution: "@rollup/rollup-win32-arm64-msvc@npm:4.20.0"
  conditions: os=win32 & cpu=arm64
  languageName: node
  linkType: hard

"@rollup/rollup-win32-ia32-msvc@npm:4.20.0":
  version: 4.20.0
  resolution: "@rollup/rollup-win32-ia32-msvc@npm:4.20.0"
  conditions: os=win32 & cpu=ia32
  languageName: node
  linkType: hard

"@rollup/rollup-win32-x64-msvc@npm:4.20.0":
  version: 4.20.0
  resolution: "@rollup/rollup-win32-x64-msvc@npm:4.20.0"
  conditions: os=win32 & cpu=x64
  languageName: node
  linkType: hard

"@types/estree@npm:1.0.5":
  version: 1.0.5
  resolution: "@types/estree@npm:1.0.5"
  checksum: 0735ebe7af7c1fa6e94a5a86f57308fc0f1cc736961f29c079b515e259c4c3830f8503146e466b27d3acdc121e9210fab0bbaf4309b629fb52375297ba11393f
  languageName: node
  linkType: hard

"abbrev@npm:^2.0.0":
  version: 2.0.0
  resolution: "abbrev@npm:2.0.0"
  checksum: e407d8fbca2621f0925fdbb73b0901c526d6d469b3c0ea21edf8ccef74464f0d6e1f30442c60e8189fa338322facca3aa9b6dc989ed6ad602aa65720c546261a
  languageName: node
  linkType: hard

"agent-base@npm:^7.0.2, agent-base@npm:^7.1.0, agent-base@npm:^7.1.1":
  version: 7.1.1
  resolution: "agent-base@npm:7.1.1"
  dependencies:
    debug: "npm:^4.3.4"
  checksum: e296585e354bb0179815f4121167a040d9b7b9b724b812664bb5379d87a96721876e19d387f45447e8070a5bfb253eb391bdd07675749e421f4e82526e1a437c
  languageName: node
  linkType: hard

"aggregate-error@npm:^3.0.0":
  version: 3.1.0
  resolution: "aggregate-error@npm:3.1.0"
  dependencies:
    clean-stack: "npm:^2.0.0"
    indent-string: "npm:^4.0.0"
  checksum: 676b1da86a0ff06a29d9a318109752990c28aae4600f6d094845a679f388a2a246402d993d223165d208122d81823235969132dc09439de2eee50a9f48fa9db9
  languageName: node
  linkType: hard

"ansi-regex@npm:^5.0.1":
  version: 5.0.1
  resolution: "ansi-regex@npm:5.0.1"
  checksum: 627f94ee7fcc5e03186646ebd11ca2ccd954f3cb48fc6a3f42883db6bbf3df5dfba06d62647b2f72c975349fc072c5c44808b7da26d08a9313a7f304acda2efb
  languageName: node
  linkType: hard

"ansi-regex@npm:^6.0.1":
  version: 6.0.1
  resolution: "ansi-regex@npm:6.0.1"
  checksum: 53669c3634190ead828055bcae5f0feff485fd8d7d05538d4f753ad56ffedb7aa5bcc93efaa8e99e4907ad970682413f2407cf4acac8deb1d408bc564bca9027
  languageName: node
  linkType: hard

"ansi-styles@npm:^4.0.0":
  version: 4.3.0
  resolution: "ansi-styles@npm:4.3.0"
  dependencies:
    color-convert: "npm:^2.0.1"
  checksum: d15dab617b78cbc96f10016e929e921ad73695753de4e45a911ecee6e29aa45c71d58f1ffaf8e49889dbe726dbdb2bbe5b4e3a7bf1c517f8740ae83a29b7df25
  languageName: node
  linkType: hard

"ansi-styles@npm:^6.1.0":
  version: 6.2.1
  resolution: "ansi-styles@npm:6.2.1"
  checksum: 86fe3fc999c89775171631b32920d1fbf8adc4225895db376057b5a5e6fdcf837ae994ca08756f0a676c0dd8c74e58a7e87515d1fa16d6fcfffdf9069d579e90
  languageName: node
  linkType: hard

"balanced-match@npm:^1.0.0":
  version: 1.0.2
  resolution: "balanced-match@npm:1.0.2"
  checksum: 9ca7fca1845f06edbd8478e209a2e8eed5bb148a021719e77affeaf0c61e45af20279e4540a9f11942acc27c078fc132ff0ebc9c16a403033cff5af3d8199f40
  languageName: node
  linkType: hard

"brace-expansion@npm:^2.0.1":
  version: 2.0.1
  resolution: "brace-expansion@npm:2.0.1"
  dependencies:
    balanced-match: "npm:^1.0.0"
  checksum: 0f8d0d6a165d636fed93a7dd9321a5ae122cac9a672d8a9e01997e4ae09743cb3cbfb0a6e6b32303cda0f1f40617e2c0953f28f59a6f01d6d12c9698a3f0e41b
  languageName: node
  linkType: hard

"cacache@npm:^18.0.0":
  version: 18.0.4
  resolution: "cacache@npm:18.0.4"
  dependencies:
    "@npmcli/fs": "npm:^3.1.0"
    fs-minipass: "npm:^3.0.0"
    glob: "npm:^10.2.2"
    lru-cache: "npm:^10.0.1"
    minipass: "npm:^7.0.3"
    minipass-collect: "npm:^2.0.1"
    minipass-flush: "npm:^1.0.5"
    minipass-pipeline: "npm:^1.2.4"
    p-map: "npm:^4.0.0"
    ssri: "npm:^10.0.0"
    tar: "npm:^6.1.11"
    unique-filename: "npm:^3.0.0"
  checksum: 62e9f23de276c73584b41bdf392e735926bfb6477b8bf01b9bc3406ecd24fdb98c56551440a28987c7ba79f1bbdb04df54c3313017fc4a831cf34297d1f76e7d
  languageName: node
  linkType: hard

"chownr@npm:^2.0.0":
  version: 2.0.0
  resolution: "chownr@npm:2.0.0"
  checksum: 7b240ff920db951fd3841116c5e0e2ec4750e20c85cd044ea78f636202e1fa47ce0a20d48c3c912edc52ea0f1615aba37bdd6297d3a731b517647ed33c3dee09
  languageName: node
  linkType: hard

"clean-stack@npm:^2.0.0":
  version: 2.2.0
  resolution: "clean-stack@npm:2.2.0"
  checksum: 0a476c914f0a5e9e12b215729e1a633fcbdd47b8c3d508ebe6441f2ef8d5047fdd0800926349dd18253db4bfcab3e48aa0aca1f2e7f5d614f7194778d7851be4
  languageName: node
  linkType: hard

"color-convert@npm:^2.0.1":
  version: 2.0.1
  resolution: "color-convert@npm:2.0.1"
  dependencies:
    color-name: "npm:~1.1.4"
  checksum: bf4d19d12621eae71a531e5b977f46717b15e0d3253f25790f5779b7577124e4d9c4597df05cee79e8f8e8fc14add04e738a659ee4336ee0cc5587ebc3c602e7
  languageName: node
  linkType: hard

"color-name@npm:~1.1.4":
  version: 1.1.4
  resolution: "color-name@npm:1.1.4"
  checksum: 80acf64638343898f5b36825f4c9715ced380e738400b308f3f90ca2327f2f98f0c2cfb1f1a6447f267a2e1d1ea2214f26e948d8acab547e5478e2b0816c7c30
  languageName: node
  linkType: hard

"cross-spawn@npm:^7.0.0":
  version: 7.0.3
  resolution: "cross-spawn@npm:7.0.3"
  dependencies:
    path-key: "npm:^3.1.0"
    shebang-command: "npm:^2.0.0"
    which: "npm:^2.0.1"
  checksum: 37ec685f91f04d4719892f305fa6f632aae256df7f2f3f98d5c36f2197651ad7b77851aaa2d397d19a9555f0fb89fa18f9bb3ff4b440535cc0fb4fe0a72004b9
  languageName: node
  linkType: hard

"debug@npm:4, debug@npm:^4.3.4":
  version: 4.3.6
  resolution: "debug@npm:4.3.6"
  dependencies:
    ms: "npm:2.1.2"
  peerDependenciesMeta:
    supports-color:
      optional: true
  checksum: 3b55a6cbd5017f27f65a97e8df620cd319addd93bb1450e723ed786fe96bac24f8efcc055a6742d5326bae5dcbbe3f1ad07d213ae3971f70baacb3b00ca3f2c1
  languageName: node
  linkType: hard

"eastasianwidth@npm:^0.2.0":
  version: 0.2.0
  resolution: "eastasianwidth@npm:0.2.0"
  checksum: 0b403fab07c8a53488ea6212435f12b8eeec0b0b828554381b333ea1e41104a137cfe812fa83d021ea0270eb6249226bb0dcb61f8f94bed52b943fa2f720542f
  languageName: node
  linkType: hard

"emoji-regex@npm:^8.0.0":
  version: 8.0.0
  resolution: "emoji-regex@npm:8.0.0"
  checksum: 0b84c9059a3f051e3da79112ee450f22bc8466dde2a7e09a0b1fc4eff3b98183596e6e2704d5356266851e2a013d95467421eb81c36408fbab1aeb3fc5e4764f
  languageName: node
  linkType: hard

"emoji-regex@npm:^9.2.2":
  version: 9.2.2
  resolution: "emoji-regex@npm:9.2.2"
  checksum: ef0642d76f5116a04296a85ec167696b91ca8a1373d3cd13ec3acfb0f6a77d4d1c6ce94192ab31f8bad5ca69fbd01b556638fdf389128fea48fb5f6c2c754b45
  languageName: node
  linkType: hard

"encoding@npm:^0.1.13":
  version: 0.1.13
  resolution: "encoding@npm:0.1.13"
  dependencies:
    iconv-lite: "npm:^0.6.2"
  checksum: 954eb7d006c8d466207dcda57ddd15b1d6667607b8da15c7ce400d377504aafcc5e2f5507027cfb045cad7aefd15d18aa3f6e14f3a73ed2b26ad5ff08004536b
  languageName: node
  linkType: hard

"env-paths@npm:^2.2.0":
  version: 2.2.1
  resolution: "env-paths@npm:2.2.1"
  checksum: 528af3898854262b86b3adb5de09e6c81b8c0e3f4f675750282281b86782ddc3c33ffc13598d903d9eb23652f339ded86c994b61fe06e5f9cbb69a191f62244b
  languageName: node
  linkType: hard

"err-code@npm:^2.0.2":
  version: 2.0.3
  resolution: "err-code@npm:2.0.3"
  checksum: 12244d58c3eeb73a5ebf633ff615b2366cedaccfea3c2b4d6a3295f6440661052e9574c71f89d6dc8a5466e3d84be0b1994e2a4017ab10e1f037f8be1ca89a37
  languageName: node
  linkType: hard

"esbuild@npm:^0.21.3":
  version: 0.21.5
  resolution: "esbuild@npm:0.21.5"
  dependencies:
    "@esbuild/aix-ppc64": "npm:0.21.5"
    "@esbuild/android-arm": "npm:0.21.5"
    "@esbuild/android-arm64": "npm:0.21.5"
    "@esbuild/android-x64": "npm:0.21.5"
    "@esbuild/darwin-arm64": "npm:0.21.5"
    "@esbuild/darwin-x64": "npm:0.21.5"
    "@esbuild/freebsd-arm64": "npm:0.21.5"
    "@esbuild/freebsd-x64": "npm:0.21.5"
    "@esbuild/linux-arm": "npm:0.21.5"
    "@esbuild/linux-arm64": "npm:0.21.5"
    "@esbuild/linux-ia32": "npm:0.21.5"
    "@esbuild/linux-loong64": "npm:0.21.5"
    "@esbuild/linux-mips64el": "npm:0.21.5"
    "@esbuild/linux-ppc64": "npm:0.21.5"
    "@esbuild/linux-riscv64": "npm:0.21.5"
    "@esbuild/linux-s390x": "npm:0.21.5"
    "@esbuild/linux-x64": "npm:0.21.5"
    "@esbuild/netbsd-x64": "npm:0.21.5"
    "@esbuild/openbsd-x64": "npm:0.21.5"
    "@esbuild/sunos-x64": "npm:0.21.5"
    "@esbuild/win32-arm64": "npm:0.21.5"
    "@esbuild/win32-ia32": "npm:0.21.5"
    "@esbuild/win32-x64": "npm:0.21.5"
  dependenciesMeta:
    "@esbuild/aix-ppc64":
      optional: true
    "@esbuild/android-arm":
      optional: true
    "@esbuild/android-arm64":
      optional: true
    "@esbuild/android-x64":
      optional: true
    "@esbuild/darwin-arm64":
      optional: true
    "@esbuild/darwin-x64":
      optional: true
    "@esbuild/freebsd-arm64":
      optional: true
    "@esbuild/freebsd-x64":
      optional: true
    "@esbuild/linux-arm":
      optional: true
    "@esbuild/linux-arm64":
      optional: true
    "@esbuild/linux-ia32":
      optional: true
    "@esbuild/linux-loong64":
      optional: true
    "@esbuild/linux-mips64el":
      optional: true
    "@esbuild/linux-ppc64":
      optional: true
    "@esbuild/linux-riscv64":
      optional: true
    "@esbuild/linux-s390x":
      optional: true
    "@esbuild/linux-x64":
      optional: true
    "@esbuild/netbsd-x64":
      optional: true
    "@esbuild/openbsd-x64":
      optional: true
    "@esbuild/sunos-x64":
      optional: true
    "@esbuild/win32-arm64":
      optional: true
    "@esbuild/win32-ia32":
      optional: true
    "@esbuild/win32-x64":
      optional: true
  bin:
    esbuild: bin/esbuild
  checksum: 1b9ba5f3c0f4448fa82540a08cbaafb8d21357a9a77919bfd131e7e3c0f8a77788fc6e1ff1811767bc0d3df36136d8cf3638950f0338c74a047a805a12115108
  languageName: node
  linkType: hard

"exponential-backoff@npm:^3.1.1":
  version: 3.1.1
  resolution: "exponential-backoff@npm:3.1.1"
  checksum: b3010284e8d2161f7a2589b92d41299d5bdffa6c79bac7bbfeee239a67627ae8b878e40c408a4419b19afcf9514442c79929cf3bd5f49f7f19ebd54fd2aa306f
  languageName: node
  linkType: hard

"foreground-child@npm:^3.1.0":
  version: 3.3.0
  resolution: "foreground-child@npm:3.3.0"
  dependencies:
    cross-spawn: "npm:^7.0.0"
    signal-exit: "npm:^4.0.1"
  checksum: 47246f488111d31fd6e71a09daabfcbef06ce25ac5d2f4d0b8a3eb759ec380467704aacb1dbba5c7f908f2c9ba9289e25e15b35c3efa5fc8ca33123cbe635db8
  languageName: node
  linkType: hard

"fs-minipass@npm:^2.0.0":
  version: 2.1.0
  resolution: "fs-minipass@npm:2.1.0"
  dependencies:
    minipass: "npm:^3.0.0"
  checksum: 56d19f9a034cbef50b7fe846a71ab1a6a7ee7906205f9f18b7c9696e1f6d83c4d708a0196c65536f34e569205664840dd4f97f1286a26148a4c5bf74a67fe8db
  languageName: node
  linkType: hard

"fs-minipass@npm:^3.0.0":
  version: 3.0.3
  resolution: "fs-minipass@npm:3.0.3"
  dependencies:
    minipass: "npm:^7.0.3"
  checksum: 20399bd43d0b52b0fdfeaaa07c25ca0d1d6dd2e0dedd9d15996b041546f06b36483a01798cdc4844df22144b59813726cd438412016eeb3f3e0a33f0a608823c
  languageName: node
  linkType: hard

"fsevents@npm:~2.3.2, fsevents@npm:~2.3.3":
  version: 2.3.3
  resolution: "fsevents@npm:2.3.3"
  dependencies:
    node-gyp: "npm:latest"
  checksum: 78e8273269262cc8912736a7c0be46217e3dc12a1081d077eba52c60f4d01dc8d179fd5d0ad4f82a573c3419caf8ff40cf58a4afdda7836738df4f0896c5e1c0
  conditions: os=darwin
  languageName: node
  linkType: hard

"fsevents@patch:fsevents@npm%3A~2.3.2#optional!builtin<compat/fsevents>, fsevents@patch:fsevents@npm%3A~2.3.3#optional!builtin<compat/fsevents>":
  version: 2.3.3
  resolution: "fsevents@patch:fsevents@npm%3A2.3.3#optional!builtin<compat/fsevents>::version=2.3.3&hash=df0bf1"
  dependencies:
    node-gyp: "npm:latest"
  conditions: os=darwin
  languageName: node
  linkType: hard

"glob@npm:^10.2.2, glob@npm:^10.3.10":
  version: 10.4.5
  resolution: "glob@npm:10.4.5"
  dependencies:
    foreground-child: "npm:^3.1.0"
    jackspeak: "npm:^3.1.2"
    minimatch: "npm:^9.0.4"
    minipass: "npm:^7.1.2"
    package-json-from-dist: "npm:^1.0.0"
    path-scurry: "npm:^1.11.1"
  bin:
    glob: dist/esm/bin.mjs
  checksum: 9f11c1d594fc96c500581ce51617a88e3b1caaf8c08cfa8089bb2b83c9ab94d0a01879cd7c60aef2602c35a8607ba45b4b7c429a854a2c63c9b33718eb37ade8
  languageName: node
  linkType: hard

"graceful-fs@npm:^4.2.6":
  version: 4.2.11
  resolution: "graceful-fs@npm:4.2.11"
  checksum: 0228fc1080e6cb20d31920aff457e5d44f137b8864220c204b5ba6461d2d46d30361557a4c054373a8c04a03b59c92a42d40230104bb59c5ea737072bc15709c
  languageName: node
  linkType: hard

"http-cache-semantics@npm:^4.1.1":
  version: 4.1.1
  resolution: "http-cache-semantics@npm:4.1.1"
  checksum: 7b4d86f99fb3f07b6a49219420ebdffa077ee99bc5fe1df1f353b84c3d321c767a083a48291afb2fc34a627661b6d54c80a927639a7be9e0c43e8c4f921816bd
  languageName: node
  linkType: hard

"http-proxy-agent@npm:^7.0.0":
  version: 7.0.2
  resolution: "http-proxy-agent@npm:7.0.2"
  dependencies:
    agent-base: "npm:^7.1.0"
    debug: "npm:^4.3.4"
  checksum: b3d0773ccdec3db24193abc516f99bbed8c84bdecc5ac8410767a0240b2720fed3bf907e180c902122ebcc482bad1f27ef75e1f7adf2b14cad984589e0974dbe
  languageName: node
  linkType: hard

"https-proxy-agent@npm:^7.0.1":
  version: 7.0.5
  resolution: "https-proxy-agent@npm:7.0.5"
  dependencies:
    agent-base: "npm:^7.0.2"
    debug: "npm:4"
  checksum: c6fc1d23d9f970039af8daeedf1b6ebe317ca52c091b7e670fbd12dff4447385cdb44af1ba495fa32b37cbc24c5e1a69425859bd235a0aa8a25502175fbb7431
  languageName: node
  linkType: hard

"iconv-lite@npm:^0.6.2":
  version: 0.6.3
  resolution: "iconv-lite@npm:0.6.3"
  dependencies:
    safer-buffer: "npm:>= 2.1.2 < 3.0.0"
  checksum: 14633c984e398011b4cce3d453e6566e4cc1b58f257e6fc48ae39c25a158b926e6cd7ee6023cd84aff12952a7581bd10bd4e7954af802dd5678e83b4cb8fdbba
  languageName: node
  linkType: hard

"imurmurhash@npm:^0.1.4":
  version: 0.1.4
  resolution: "imurmurhash@npm:0.1.4"
  checksum: 6e2473e6083063b9f5f21a9586794b3af5b3f87995bcf60cb64f3824a7323c2ae41b4eaf3d7446e20fb66b5f3410094246aa3c52db7585270c8b10f762b8ffa1
  languageName: node
  linkType: hard

"indent-string@npm:^4.0.0":
  version: 4.0.0
  resolution: "indent-string@npm:4.0.0"
  checksum: f4ab9e229c120377a63fce905062e5fdf1c300ca01b72401dda5aa991e8f614fdb2f99fe7cc37ef3234413da4ab43d5a4f905356fdffb9d078e83806d274719c
  languageName: node
  linkType: hard

"ip-address@npm:^9.0.5":
  version: 9.0.5
  resolution: "ip-address@npm:9.0.5"
  dependencies:
    jsbn: "npm:1.1.0"
    sprintf-js: "npm:^1.1.3"
  checksum: 5eddf5d3486ae2895f746aeafc86bbcdb46a18812385f71ee94e5c48410e4f6814d4925e37dd6951f175e0c95916a354ec1b590a0a4c0692d3931f47e3530ad6
  languageName: node
  linkType: hard

"is-fullwidth-code-point@npm:^3.0.0":
  version: 3.0.0
  resolution: "is-fullwidth-code-point@npm:3.0.0"
  checksum: c06b5792b82dcdedb41858cdb07ca4ae5b9a853ad65c91529533221f384d751bedd8ad8db5a527cb219fd989c32a0faa0833312b6a190fe597acdd23165ef724
  languageName: node
  linkType: hard

"is-lambda@npm:^1.0.1":
  version: 1.0.1
  resolution: "is-lambda@npm:1.0.1"
  checksum: 8e761e558bf60bd3682648e6ecb6333e9ad9c5a6fef2a9ca879deef1a40478e5f7e18999fc3630ef8b879cf00bc0248ffa5616aa4251917a7f87f066841310aa
  languageName: node
  linkType: hard

"isexe@npm:^2.0.0":
  version: 2.0.0
  resolution: "isexe@npm:2.0.0"
  checksum: b37fe0a7983c0c151c7b31ca716405aaea190ac9cd6ef3f79355f4afb043ed4d3182a6addd73b20df7a0b229269737ad0daf64116821a048bfbe6b8fb7eb842c
  languageName: node
  linkType: hard

"isexe@npm:^3.1.1":
  version: 3.1.1
  resolution: "isexe@npm:3.1.1"
  checksum: a0746121d7776e5c625ecfacfa5673f8deef76405926c6b9285b30864df1b4289394c0286a53fd8af9d3600477c6400f79cae459e5f44dfe0daf4511eec36ce9
  languageName: node
  linkType: hard

"jackspeak@npm:^3.1.2":
  version: 3.4.3
  resolution: "jackspeak@npm:3.4.3"
  dependencies:
    "@isaacs/cliui": "npm:^8.0.2"
    "@pkgjs/parseargs": "npm:^0.11.0"
  dependenciesMeta:
    "@pkgjs/parseargs":
      optional: true
  checksum: 87355de487862bb4aeb7aec7776b14c9ba475db253a08bbcd56c11d66f634f0e8bd56a9459a5c97895650144c8b6afc3e5908022b79243380c4832b879b2bcd0
  languageName: node
  linkType: hard

"jsbn@npm:1.1.0":
  version: 1.1.0
  resolution: "jsbn@npm:1.1.0"
  checksum: e7ca1d26ebebfe6c6d47e4165b182d2ce819a6adce916fe31107511d63e011ba56d10a902bbe708de4388cdf5abfa807de2e9284d10fb64c18789b3c1726b456
  languageName: node
  linkType: hard

"lottie-dotlottie-vanilla@workspace:.":
  version: 0.0.0-use.local
  resolution: "lottie-dotlottie-vanilla@workspace:."
  dependencies:
    "@lottiefiles/dotlottie-web": "npm:^0.30.2"
    vite: "npm:^5.4.0"
  languageName: unknown
  linkType: soft

"lru-cache@npm:^10.0.1, lru-cache@npm:^10.2.0":
  version: 10.4.3
  resolution: "lru-cache@npm:10.4.3"
  checksum: 001a348a34e16847566b026e6e04e0ec3311cc193593bbe6976848541e222fced80e0f79db9c2f8bf7621b563a46565011b92f4af3a425abd4a2f0f126f0698e
  languageName: node
  linkType: hard

"make-fetch-happen@npm:^13.0.0":
  version: 13.0.1
  resolution: "make-fetch-happen@npm:13.0.1"
  dependencies:
    "@npmcli/agent": "npm:^2.0.0"
    cacache: "npm:^18.0.0"
    http-cache-semantics: "npm:^4.1.1"
    is-lambda: "npm:^1.0.1"
    minipass: "npm:^7.0.2"
    minipass-fetch: "npm:^3.0.0"
    minipass-flush: "npm:^1.0.5"
    minipass-pipeline: "npm:^1.2.4"
    negotiator: "npm:^0.6.3"
    proc-log: "npm:^4.2.0"
    promise-retry: "npm:^2.0.1"
    ssri: "npm:^10.0.0"
  checksum: 819852350b2eb651f76e4b6c78f5aa245f181263c5e2b1ec695cae30527756fb976668e1347320d9b441fda55fdb23910024b6aaf112c5f0a8563a3975d748eb
  languageName: node
  linkType: hard

"minimatch@npm:^9.0.4":
  version: 9.0.5
  resolution: "minimatch@npm:9.0.5"
  dependencies:
    brace-expansion: "npm:^2.0.1"
  checksum: 8043809d36f9405a63153a047cff207cccd9e11b09241168dad3c9037f71229c99f427a80fc349e939c0c44de591d5715391ae9f83e39b388f5ae7937243dfe9
  languageName: node
  linkType: hard

"minipass-collect@npm:^2.0.1":
  version: 2.0.1
  resolution: "minipass-collect@npm:2.0.1"
  dependencies:
    minipass: "npm:^7.0.3"
  checksum: e162a0eae5b950484d42c752ed105e45c1da80e764a5d4d5248897a9f410e913fd72d93f044c2fc86430fb36ac7fa9c4340830fd77702b06bed8811658fedfd3
  languageName: node
  linkType: hard

"minipass-fetch@npm:^3.0.0":
  version: 3.0.5
  resolution: "minipass-fetch@npm:3.0.5"
  dependencies:
    encoding: "npm:^0.1.13"
    minipass: "npm:^7.0.3"
    minipass-sized: "npm:^1.0.3"
    minizlib: "npm:^2.1.2"
  dependenciesMeta:
    encoding:
      optional: true
  checksum: 4616596bd7ff3ad3b1fc4e70ed7cf1c22a10850b2badca658d119ac2a3bcfa28d590a6aba0904a4f8acefa25d17adf1d1d624c24f6286e48dd840c15cb340e0d
  languageName: node
  linkType: hard

"minipass-flush@npm:^1.0.5":
  version: 1.0.5
  resolution: "minipass-flush@npm:1.0.5"
  dependencies:
    minipass: "npm:^3.0.0"
  checksum: 6e851bd0640e5406633b0aa77e889d4175eb3d12b55173e999e6dd1fc06ed13982277e012d6f41dc28a2167278d9480697893f6cd286c46c10fdfd735e05d45d
  languageName: node
  linkType: hard

"minipass-pipeline@npm:^1.2.4":
  version: 1.2.4
  resolution: "minipass-pipeline@npm:1.2.4"
  dependencies:
    minipass: "npm:^3.0.0"
  checksum: 07dd09bf3c6f546ef407e7a36bca4cd2235d54695c083dc5815052e36cbdd46e55a7c0dae2801983c73257adc7aa613e375c8350587bc50a6a10e1a6b55f9965
  languageName: node
  linkType: hard

"minipass-sized@npm:^1.0.3":
  version: 1.0.3
  resolution: "minipass-sized@npm:1.0.3"
  dependencies:
    minipass: "npm:^3.0.0"
  checksum: 54591ac7e54571e91df602e3c1018f4048ee12a3407dfab8140e0b03cb149c16ae67e94d36682c0869a683b8443470e354dba123ea83914c87ff22d8d8628fea
  languageName: node
  linkType: hard

"minipass@npm:^3.0.0":
  version: 3.3.6
  resolution: "minipass@npm:3.3.6"
  dependencies:
    yallist: "npm:^4.0.0"
  checksum: 9704cf677a05e82174c1a0765260f877ce3b4f09858b6c80a07a38a41ff661a2913a482f82faa73b89fc23ee3bcc4cff04d7e8ce6951de4fc2c2108d360b6f1f
  languageName: node
  linkType: hard

"minipass@npm:^5.0.0":
  version: 5.0.0
  resolution: "minipass@npm:5.0.0"
  checksum: dac2e1960990ca7c288834e7311e029828d9ae4c90fdabae95a3ea269592871feaa755a1ef9241d487e6fe59d86a43e1d8bac41c47f13c3c0add0799ab500a0b
  languageName: node
  linkType: hard

"minipass@npm:^5.0.0 || ^6.0.2 || ^7.0.0, minipass@npm:^7.0.2, minipass@npm:^7.0.3, minipass@npm:^7.1.2":
  version: 7.1.2
  resolution: "minipass@npm:7.1.2"
  checksum: 8e24527e346035fb39b911c4ee43b4020aefee2a178d4614105b8850d6c2dd5ddb870babd2b108e8e52f19c7ab7320656c91b2267fa08ea50ed2945008b39c15
  languageName: node
  linkType: hard

"minizlib@npm:^2.1.1, minizlib@npm:^2.1.2":
  version: 2.1.2
  resolution: "minizlib@npm:2.1.2"
  dependencies:
    minipass: "npm:^3.0.0"
    yallist: "npm:^4.0.0"
  checksum: c0071edb242d6808652840614193316e82d012b79ff1997352de3df1c19b7580d3d4790c462c8506b1f4225f08162ebba88ebceb1529d168304b06b23757e88d
  languageName: node
  linkType: hard

"mkdirp@npm:^1.0.3":
  version: 1.0.4
  resolution: "mkdirp@npm:1.0.4"
  bin:
    mkdirp: bin/cmd.js
  checksum: 123361119829ab8115234f36ed8ef8f697b0f6f83ec9f9bc8f76da587487976d74bc874ffa892e7a66df607fa8f2cc758eed8db225e9cd3a84846350209e53db
  languageName: node
  linkType: hard

"ms@npm:2.1.2":
  version: 2.1.2
  resolution: "ms@npm:2.1.2"
  checksum: 3f46af60a08158f1c77746c06c2f6c7aba7feddafd41335f9baa2d7e0741d7539774aa7d5d1661a7f2b7eed55a7063771297eea016051924dbb04d4c2bf40bcb
  languageName: node
  linkType: hard

"nanoid@npm:^3.3.7":
  version: 3.3.7
  resolution: "nanoid@npm:3.3.7"
  bin:
    nanoid: bin/nanoid.cjs
  checksum: a8844cf563f0e91174e12b960d602847c5557bd44e880fec501f747e2ab2da1653a9b6acb514aa524c942fe3a19b18f47f3acf58a3ee6fd22fd17e47608da3aa
  languageName: node
  linkType: hard

"negotiator@npm:^0.6.3":
  version: 0.6.3
  resolution: "negotiator@npm:0.6.3"
  checksum: d8e3b42d99638b1f363ce114c98e6906ade395c230058e50644417bd398b01381133dbca4bc49f30f6b1c93254e4b5a2d50cc47adcdabf2a8476b6f16311ad5d
  languageName: node
  linkType: hard

"node-gyp@npm:latest":
  version: 10.2.0
  resolution: "node-gyp@npm:10.2.0"
  dependencies:
    env-paths: "npm:^2.2.0"
    exponential-backoff: "npm:^3.1.1"
    glob: "npm:^10.3.10"
    graceful-fs: "npm:^4.2.6"
    make-fetch-happen: "npm:^13.0.0"
    nopt: "npm:^7.0.0"
    proc-log: "npm:^4.1.0"
    semver: "npm:^7.3.5"
    tar: "npm:^6.2.1"
    which: "npm:^4.0.0"
  bin:
    node-gyp: bin/node-gyp.js
  checksum: 9efeb00528f9e100c4571a0a3c798029b03a95384bfd71dd70ca71830e20853c51140c0cbb5487dff6c26e492e91b2bcaa72444701159b00f518ca943b730195
  languageName: node
  linkType: hard

"nopt@npm:^7.0.0":
  version: 7.2.1
  resolution: "nopt@npm:7.2.1"
  dependencies:
    abbrev: "npm:^2.0.0"
  bin:
    nopt: bin/nopt.js
  checksum: a937da18c7eb1a039a3497d3b14725b7827ea14ff89aeac5d32be1f249552e578e6b23ba8d58300fcb3c682e11b73fa494944f4fe5c547b6fd456f719d7dd553
  languageName: node
  linkType: hard

"p-map@npm:^4.0.0":
  version: 4.0.0
  resolution: "p-map@npm:4.0.0"
  dependencies:
    aggregate-error: "npm:^3.0.0"
  checksum: 619df8954fe81933903bc760e9884d85540ef7e8f6c24c4e28e2c8f0ad14d480bb7d4541787eee2e2d61aa0fae8b54abc42f7afc35db457884e589386e78a922
  languageName: node
  linkType: hard

"package-json-from-dist@npm:^1.0.0":
  version: 1.0.0
  resolution: "package-json-from-dist@npm:1.0.0"
  checksum: 4fb4efeb54d4d4c8b35858902201bf8cf1603e25b9917b48a989d47927d3c03d9b3de69e97fceb4d1223a3349b02c9495b4bad5adbc5353d02b655df32866170
  languageName: node
  linkType: hard

"path-key@npm:^3.1.0":
  version: 3.1.1
  resolution: "path-key@npm:3.1.1"
  checksum: 93ee8a32e3be43548ece14eba2620bf5164884d0cc1aa3615d136567a39e02066c9b5aeb5b6747d766af55936151c95d9371ba46d4fcf361db9691505650c001
  languageName: node
  linkType: hard

"path-scurry@npm:^1.11.1":
  version: 1.11.1
  resolution: "path-scurry@npm:1.11.1"
  dependencies:
    lru-cache: "npm:^10.2.0"
    minipass: "npm:^5.0.0 || ^6.0.2 || ^7.0.0"
  checksum: d1ff431dcfa61f1808134855b256c89f5fd1c88dcc335bd22929f245f9b397e5f7410f959a301c4721173dbe81053c419df445b3c4f930e99efa77a30e8f57ba
  languageName: node
  linkType: hard

"picocolors@npm:^1.0.1":
  version: 1.0.1
  resolution: "picocolors@npm:1.0.1"
  checksum: 16d217a9f39ae2b68343e34a1929c4c259afd831eb31f8b038ceba53216515c10e4f0a9de5c64d8a60250847be5e1f800a6621a72833e8f8e004da9b8c500336
  languageName: node
  linkType: hard

"postcss@npm:^8.4.40":
  version: 8.4.41
  resolution: "postcss@npm:8.4.41"
  dependencies:
    nanoid: "npm:^3.3.7"
    picocolors: "npm:^1.0.1"
    source-map-js: "npm:^1.2.0"
  checksum: 3e6635c39627467c3a004853cdbfd38fa03355541921f41bad5fc40cf787698ab872fbae219a0cd7cd0c7373d4b23c0d2734345f0e408fe54c861ce6b9e8c04b
  languageName: node
  linkType: hard

"proc-log@npm:^4.1.0, proc-log@npm:^4.2.0":
  version: 4.2.0
  resolution: "proc-log@npm:4.2.0"
  checksum: 284c8201a93251dbfe50cb6562f73633a6c453bbdfafd65c55606e556c9eb9e7ceac0bf87f0641e1b40af66f5c5f7b67488b5606ce22d7148d0c7804702a2461
  languageName: node
  linkType: hard

"promise-retry@npm:^2.0.1":
  version: 2.0.1
  resolution: "promise-retry@npm:2.0.1"
  dependencies:
    err-code: "npm:^2.0.2"
    retry: "npm:^0.12.0"
  checksum: cbff149b3327554f3613196ca300a77aefac289624148c37e5c9236242931691a4ba0a76fd1c6171e6a3e6a2b1edfa2acdf122004857e6f3e3efd1be29df6cd2
  languageName: node
  linkType: hard

"retry@npm:^0.12.0":
  version: 0.12.0
  resolution: "retry@npm:0.12.0"
  checksum: 1c3616bdf89aa6f887bcca2b86603c255f4b497577f6a54f33262f4f314b8516d65e251f717b45e2a5ec234359999015a9e2263b38467544188210327e638ac3
  languageName: node
  linkType: hard

"rollup@npm:^4.13.0":
  version: 4.20.0
  resolution: "rollup@npm:4.20.0"
  dependencies:
    "@rollup/rollup-android-arm-eabi": "npm:4.20.0"
    "@rollup/rollup-android-arm64": "npm:4.20.0"
    "@rollup/rollup-darwin-arm64": "npm:4.20.0"
    "@rollup/rollup-darwin-x64": "npm:4.20.0"
    "@rollup/rollup-linux-arm-gnueabihf": "npm:4.20.0"
    "@rollup/rollup-linux-arm-musleabihf": "npm:4.20.0"
    "@rollup/rollup-linux-arm64-gnu": "npm:4.20.0"
    "@rollup/rollup-linux-arm64-musl": "npm:4.20.0"
    "@rollup/rollup-linux-powerpc64le-gnu": "npm:4.20.0"
    "@rollup/rollup-linux-riscv64-gnu": "npm:4.20.0"
    "@rollup/rollup-linux-s390x-gnu": "npm:4.20.0"
    "@rollup/rollup-linux-x64-gnu": "npm:4.20.0"
    "@rollup/rollup-linux-x64-musl": "npm:4.20.0"
    "@rollup/rollup-win32-arm64-msvc": "npm:4.20.0"
    "@rollup/rollup-win32-ia32-msvc": "npm:4.20.0"
    "@rollup/rollup-win32-x64-msvc": "npm:4.20.0"
    "@types/estree": "npm:1.0.5"
    fsevents: "npm:~2.3.2"
  dependenciesMeta:
    "@rollup/rollup-android-arm-eabi":
      optional: true
    "@rollup/rollup-android-arm64":
      optional: true
    "@rollup/rollup-darwin-arm64":
      optional: true
    "@rollup/rollup-darwin-x64":
      optional: true
    "@rollup/rollup-linux-arm-gnueabihf":
      optional: true
    "@rollup/rollup-linux-arm-musleabihf":
      optional: true
    "@rollup/rollup-linux-arm64-gnu":
      optional: true
    "@rollup/rollup-linux-arm64-musl":
      optional: true
    "@rollup/rollup-linux-powerpc64le-gnu":
      optional: true
    "@rollup/rollup-linux-riscv64-gnu":
      optional: true
    "@rollup/rollup-linux-s390x-gnu":
      optional: true
    "@rollup/rollup-linux-x64-gnu":
      optional: true
    "@rollup/rollup-linux-x64-musl":
      optional: true
    "@rollup/rollup-win32-arm64-msvc":
      optional: true
    "@rollup/rollup-win32-ia32-msvc":
      optional: true
    "@rollup/rollup-win32-x64-msvc":
      optional: true
    fsevents:
      optional: true
  bin:
    rollup: dist/bin/rollup
  checksum: fa1e3841670da0b7f57ccb3fae95e3ba6005178aa9c953b9a2d337bafe5094887167841677b5ac6d0eb9779929a3a0dfc752820ff1e85819cebb1b6249a6af1f
  languageName: node
  linkType: hard

"safer-buffer@npm:>= 2.1.2 < 3.0.0":
  version: 2.1.2
  resolution: "safer-buffer@npm:2.1.2"
  checksum: d4199666e9e792968c0b88c2c35dd400f56d3eecb9affbcf5207922822eadf30cc06995bae3c5d0a653851bbd40fc0af578bf046bbf734199ce22433ba4da659
  languageName: node
  linkType: hard

"semver@npm:^7.3.5":
  version: 7.6.3
  resolution: "semver@npm:7.6.3"
  bin:
    semver: bin/semver.js
  checksum: 783216b1ad06776dda65c8d24f7e447fd7d129c83f0d2e795b2791d234e2b41b631f5520f8baa5e6e0f1624ffa56f363a20c5f309958cdba8d648cb3dff5d808
  languageName: node
  linkType: hard

"shebang-command@npm:^2.0.0":
  version: 2.0.0
  resolution: "shebang-command@npm:2.0.0"
  dependencies:
    shebang-regex: "npm:^3.0.0"
  checksum: 5907a8d5facbefbd4dc8d21778d2136d5d22d61b5526452d92d46662614f0ed57090e7adf7184fe9d2d5ef75af9f05d7573437e10b37f2e6fdeeeb5f59fd9ada
  languageName: node
  linkType: hard

"shebang-regex@npm:^3.0.0":
  version: 3.0.0
  resolution: "shebang-regex@npm:3.0.0"
  checksum: 6be1588a86ed74d05481d09a6ef6a8db44550fda9785ae08c3df06717abc2e5e9a11804b1d0ac9b0641870c5ebf545e18c8d348bc105ba09227e6a32415ea1d6
  languageName: node
  linkType: hard

"signal-exit@npm:^4.0.1":
  version: 4.1.0
  resolution: "signal-exit@npm:4.1.0"
  checksum: 9925c47b50001235a771dd98519f2a5a52689d022c6554806d62e46cb53ed1aefcdaa151a10e30261e2ae24c1f53c9b3ee6c9f3e4dd428fbf3be7d46220c82f0
  languageName: node
  linkType: hard

"smart-buffer@npm:^4.2.0":
  version: 4.2.0
  resolution: "smart-buffer@npm:4.2.0"
  checksum: 898a5ce4651108164625916aa54b6f7c13e86279a31dd321737d27c4b795cfaaeb1c30417f8809029d80d20710d8a5045998afd35e0f1080b32648f5670aa99b
  languageName: node
  linkType: hard

"socks-proxy-agent@npm:^8.0.3":
  version: 8.0.4
  resolution: "socks-proxy-agent@npm:8.0.4"
  dependencies:
    agent-base: "npm:^7.1.1"
    debug: "npm:^4.3.4"
    socks: "npm:^2.8.3"
  checksum: 022ab303ff663c0a72201e9d89edd2e8dd19b7f64aefd17dd2af4dddd9d2d0364bc508fdadd2051dbf09226f816942678c5fb978b25cc00b9d22533f710fdf84
  languageName: node
  linkType: hard

"socks@npm:^2.8.3":
  version: 2.8.3
  resolution: "socks@npm:2.8.3"
  dependencies:
    ip-address: "npm:^9.0.5"
    smart-buffer: "npm:^4.2.0"
  checksum: 1ab6524a88295b66e4cc5db24a2d2ef1ca167dee8e887ff218639af39e0cb541539647618e0530a9ee9964207f176ff7e1633f3b9539c84fca8b90e789f7c7aa
  languageName: node
  linkType: hard

"source-map-js@npm:^1.2.0":
  version: 1.2.0
  resolution: "source-map-js@npm:1.2.0"
  checksum: 43a4bb13fea9342d19fc775ac8fccb3e65d826533b17e9eb5ae99600f9692907f3d082723f9d276d65f5b9e73f79c087ddabe50779081488f8fd068838009e9b
  languageName: node
  linkType: hard

"sprintf-js@npm:^1.1.3":
  version: 1.1.3
  resolution: "sprintf-js@npm:1.1.3"
  checksum: c36590209857beef1020a51cc1fe892f36fc97434f44451e8595dc496b274ebc68fc079e24994749cd13d0143f7a8ad187b7e07e2991d301cc163cd95632fa9e
  languageName: node
  linkType: hard

"ssri@npm:^10.0.0":
  version: 10.0.6
  resolution: "ssri@npm:10.0.6"
  dependencies:
    minipass: "npm:^7.0.3"
  checksum: e03875beae48f6616f5994ada693b7953231262a60bd62c1830db95c0421307745efe44decb278ecbf3e670dc6a521796e7eaf5f9976ea8848f5873df0b2bc87
  languageName: node
  linkType: hard

"string-width-cjs@npm:string-width@^4.2.0, string-width@npm:^4.1.0":
  version: 4.2.3
  resolution: "string-width@npm:4.2.3"
  dependencies:
    emoji-regex: "npm:^8.0.0"
    is-fullwidth-code-point: "npm:^3.0.0"
    strip-ansi: "npm:^6.0.1"
  checksum: aa0f3e082b461e0dc8c54334ef2c748b777e7529c34d348ee16e69690da45e24f223804d94060633126462e2aa4906d6fbfab882f34036a9f4ccd3dbcd2d6931
  languageName: node
  linkType: hard

"string-width@npm:^5.0.1, string-width@npm:^5.1.2":
  version: 5.1.2
  resolution: "string-width@npm:5.1.2"
  dependencies:
    eastasianwidth: "npm:^0.2.0"
    emoji-regex: "npm:^9.2.2"
    strip-ansi: "npm:^7.0.1"
  checksum: cb2b2392bfd8114452b7adbe578d0472d706e01792a6b7cd35f15fe3afbda37fa26348cb984d01acebd5f9ccdb0e62a0c57cc0ec1fc7c2a5d01ef83e5afd8807
  languageName: node
  linkType: hard

"strip-ansi-cjs@npm:strip-ansi@^6.0.1, strip-ansi@npm:^6.0.0, strip-ansi@npm:^6.0.1":
  version: 6.0.1
  resolution: "strip-ansi@npm:6.0.1"
  dependencies:
    ansi-regex: "npm:^5.0.1"
  checksum: 056ca08f8097351060572eee207ec66247937d7248780a3d643b5eed7d6b5ca6a0990a4f921ffd329e8e9b66427a384237892ac3cb47463adf7d040b154084ec
  languageName: node
  linkType: hard

"strip-ansi@npm:^7.0.1":
  version: 7.1.0
  resolution: "strip-ansi@npm:7.1.0"
  dependencies:
    ansi-regex: "npm:^6.0.1"
  checksum: 09f81cbad0ac6e3dbe1c425429135432e91b1a61b7799587cb38aa24fb661aa5a83eaaf579e241ac1a4cac39fee97501c15226099728e56759abc6846b51917a
  languageName: node
  linkType: hard

"tar@npm:^6.1.11, tar@npm:^6.2.1":
  version: 6.2.1
  resolution: "tar@npm:6.2.1"
  dependencies:
    chownr: "npm:^2.0.0"
    fs-minipass: "npm:^2.0.0"
    minipass: "npm:^5.0.0"
    minizlib: "npm:^2.1.1"
    mkdirp: "npm:^1.0.3"
    yallist: "npm:^4.0.0"
  checksum: 9962954745c9391a30bea9ea53c447a56582dc86cdcc774966246c6a57e5cd84e4e518c55a2f7a8add552c55c5cd0694b493edd19166e8e64118fbbaec7a5f2c
  languageName: node
  linkType: hard

"unique-filename@npm:^3.0.0":
  version: 3.0.0
  resolution: "unique-filename@npm:3.0.0"
  dependencies:
    unique-slug: "npm:^4.0.0"
  checksum: 2624a9c87c31ef208bec3ffede4728770b0f8b1c056e546c7f89403ce55bac2f44d02d501ca4c20f853b7c67001ce4d8fb36d0750a58451b03ed85811ef80c77
  languageName: node
  linkType: hard

"unique-slug@npm:^4.0.0":
  version: 4.0.0
  resolution: "unique-slug@npm:4.0.0"
  dependencies:
    imurmurhash: "npm:^0.1.4"
  checksum: 4ba7a8d96a490850f9f5b80fd0f5958ce9369aac12c659405885ab9f1c6b908315cfeef218fed65966160dd9ca811eaa8ca6271f95adf5f70493891e9d852d8f
  languageName: node
  linkType: hard

"vite@npm:^5.4.0":
  version: 5.4.0
  resolution: "vite@npm:5.4.0"
  dependencies:
    esbuild: "npm:^0.21.3"
    fsevents: "npm:~2.3.3"
    postcss: "npm:^8.4.40"
    rollup: "npm:^4.13.0"
  peerDependencies:
    "@types/node": ^18.0.0 || >=20.0.0
    less: "*"
    lightningcss: ^1.21.0
    sass: "*"
    sass-embedded: "*"
    stylus: "*"
    sugarss: "*"
    terser: ^5.4.0
  dependenciesMeta:
    fsevents:
      optional: true
  peerDependenciesMeta:
    "@types/node":
      optional: true
    less:
      optional: true
    lightningcss:
      optional: true
    sass:
      optional: true
    sass-embedded:
      optional: true
    stylus:
      optional: true
    sugarss:
      optional: true
    terser:
      optional: true
  bin:
    vite: bin/vite.js
  checksum: 6017018f446829fd8e90514d7decaa79dd59a4124f212278aaa76b1b2deb8c02c2d4ac0829e454e1f6eaaa40980a51b2c74bd9ada31f8395a5a40c4b80670159
  languageName: node
  linkType: hard

"which@npm:^2.0.1":
  version: 2.0.2
  resolution: "which@npm:2.0.2"
  dependencies:
    isexe: "npm:^2.0.0"
  bin:
    node-which: ./bin/node-which
  checksum: 3728616c789b289c36ba2572887145e0736f06fe3435b8fef17e27eb5ec0696f61a21e356dd7fa58486346e57186863afa1b6c27c7665f7e674c8124f7f61157
  languageName: node
  linkType: hard

"which@npm:^4.0.0":
  version: 4.0.0
  resolution: "which@npm:4.0.0"
  dependencies:
    isexe: "npm:^3.1.1"
  bin:
    node-which: bin/which.js
  checksum: 7be4b41fa5a747a8cd65bca72b16ee3d33175c1c34a67fc05776ebed3fbb4c0ad63e3c19f64c4f084162568689e74e695308c4df68ba5c92d2d36eb0188b1acf
  languageName: node
  linkType: hard

"wrap-ansi-cjs@npm:wrap-ansi@^7.0.0":
  version: 7.0.0
  resolution: "wrap-ansi@npm:7.0.0"
  dependencies:
    ansi-styles: "npm:^4.0.0"
    string-width: "npm:^4.1.0"
    strip-ansi: "npm:^6.0.0"
  checksum: b72e4a1ebd582221c3d7eae2473c7841af1fd435defe08bb3854600013ced559b10efa767b4fdc6725402ab16b79f86f73e5d4edc7cf9214e15733ee34849aa0
  languageName: node
  linkType: hard

"wrap-ansi@npm:^8.1.0":
  version: 8.1.0
  resolution: "wrap-ansi@npm:8.1.0"
  dependencies:
    ansi-styles: "npm:^6.1.0"
    string-width: "npm:^5.0.1"
    strip-ansi: "npm:^7.0.1"
  checksum: f8df96ddeeb43e497c86085f8b009fd374e046aef37d731d13037dbabc2f3d2ba84aa8e583bdff3011b8ef5274a53832d65bb7dd44b30c033e96ef3d0bb72b57
  languageName: node
  linkType: hard

"yallist@npm:^4.0.0":
  version: 4.0.0
  resolution: "yallist@npm:4.0.0"
  checksum: cd7fe32508c6942d8b979278fbe13846fe88cd6840d78043d08c6b2c74d67ce38b58bd21618dca8a4e132dcc025fc0e66a7d87ca10cf6ed338465607ebff4378
  languageName: node
  linkType: hard
